
Microsoft Visual Studio Solution File, Format Version 12.00
# Visual Studio 15
VisualStudioVersion = 15.0.28307.1401
MinimumVisualStudioVersion = 10.0.40219.1
Project("{8BC9CEB8-8B4A-11D0-8D11-00A0C91BC942}") = "9_9", "9_9.vcxproj", "{689C106A-24ED-492F-83C5-821278892CD4}"
EndProject
Global
	GlobalSection(SolutionConfigurationPlatforms) = preSolution
		Debug|x64 = Debug|x64
		Debug|x86 = Debug|x86
		Release|x64 = Release|x64
		Release|x86 = Release|x86
	EndGlobalSection
	GlobalSection(ProjectConfigurationPlatforms) = postSolution
		{689C106A-24ED-492F-83C5-821278892CD4}.Debug|x64.ActiveCfg = Debug|x64
		{689C106A-24ED-492F-83C5-821278892CD4}.Debug|x64.Build.0 = Debug|x64
		{689C106A-24ED-492F-83C5-821278892CD4}.Debug|x86.ActiveCfg = Debug|Win32
		{689C106A-24ED-492F-83C5-821278892CD4}.Debug|x86.Build.0 = Debug|Win32
		{689C106A-24ED-492F-83C5-821278892CD4}.Release|x64.ActiveCfg = Release|x64
		{689C106A-24ED-492F-83C5-821278892CD4}.Release|x64.Build.0 = Release|x64
		{689C106A-24ED-492F-83C5-821278892CD4}.Release|x86.ActiveCfg = Release|Win32
		{689C106A-24ED-492F-83C5-821278892CD4}.Release|x86.Build.0 = Release|Win32
	EndGlobalSection
	GlobalSection(SolutionProperties) = preSolution
		HideSolutionNode = FALSE
	EndGlobalSection
	GlobalSection(ExtensibilityGlobals) = postSolution
		SolutionGuid = {BC7F61F4-7D31-41D4-A87A-B60509791EB7}
	EndGlobalSection
EndGlobal
